
Microsoft Visual Studio Solution File, Format Version 12.00
# Visual Studio Version 17
VisualStudioVersion = 17.5.002.0
MinimumVisualStudioVersion = 10.0.40219.1
Project("{9A19103F-16F7-4668-BE54-9A1E7A4F7556}") = "c-sharp-bank-app", "c-sharp-bank-app.csproj", "{7250A28D-4F8F-43CC-93B3-23D07D904CD1}"
EndProject
Global
	GlobalSection(SolutionConfigurationPlatforms) = preSolution
		Debug|Any CPU = Debug|Any CPU
		Release|Any CPU = Release|Any CPU
	EndGlobalSection
	GlobalSection(ProjectConfigurationPlatforms) = postSolution
		{7250A28D-4F8F-43CC-93B3-23D07D904CD1}.Debug|Any CPU.ActiveCfg = Debug|Any CPU
		{7250A28D-4F8F-43CC-93B3-23D07D904CD1}.Debug|Any CPU.Build.0 = Debug|Any CPU
		{7250A28D-4F8F-43CC-93B3-23D07D904CD1}.Release|Any CPU.ActiveCfg = Release|Any CPU
		{7250A28D-4F8F-43CC-93B3-23D07D904CD1}.Release|Any CPU.Build.0 = Release|Any CPU
	EndGlobalSection
	GlobalSection(SolutionProperties) = preSolution
		HideSolutionNode = FALSE
	EndGlobalSection
	GlobalSection(ExtensibilityGlobals) = postSolution
		SolutionGuid = {AABD9717-957E-4D36-9E73-3D715B0FCF7F}
	EndGlobalSection
EndGlobal
